# Prisma Migrate lockfile v1

20200727181012-init
20200727182800-init
20200727184005-init
20200727185004-init
20200727193112-init
20200727195124-init
20200727195201-init
20200727195208-init
20200728101250-init
20200728152656-init
20200728164837-init
20200728180522-init
20200728201044-init
20200728213306-init
20200728215435-init
20200729153209-init
20200729202624-init
20200730105029-init
20200730151742-init
20200730172159-init
20200730184801-init
20200730185650-init
20200730185943-init
20200731131033-init
20200731221655-init
20200801181053-init
20200801214046-init
20200801214417-init
20200801220134-init
20200802191545-init
20200803202736-init
20200804140035-init
20200804142612-init
20200804205009-init
20200809150557-init
20200816181856-init
20200822101155-init
20200829190506-init
20200829190522-init
20200830000207-init
20200902143208-init
20200903215548-init
20200903215605-init
20200904215651-init
20200906173901-init
20200908170012-init