# Prisma Migrate lockfile v1

20200727181012-init
20200727182800-init
20200727184005-init
20200727185004-init
20200727193112-init
20200727195124-init
20200727195201-init
20200727195208-init
20200728101250-init
20200728152656-init
20200728164837-init
20200728180522-init
20200728201044-init
20200728213306-init
20200728215435-init
20200729153209-init
20200729202624-init
20200730105029-init
20200730151742-init
20200730172159-init
20200730184801-init
20200730185650-init
20200730185943-init
20200731131033-init